// !$*UTF8*$!
{
	archiveVersion = 1;
	classes = {
	};
	objectVersion = 50;
	objects = {

/* Begin PBXBuildFile section */
		C0240F6B255A2BB5006B4D85 /* AppDelegate.swift in Sources */ = {isa = PBXBuildFile; fileRef = C0240F6A255A2BB5006B4D85 /* AppDelegate.swift */; };
		C0240F6D255A2BB5006B4D85 /* SceneDelegate.swift in Sources */ = {isa = PBXBuildFile; fileRef = C0240F6C255A2BB5006B4D85 /* SceneDelegate.swift */; };
		C0240F6F255A2BB5006B4D85 /* AddViewController.swift in Sources */ = {isa = PBXBuildFile; fileRef = C0240F6E255A2BB5006B4D85 /* AddViewController.swift */; };
		C0240F72255A2BB5006B4D85 /* Main.storyboard in Resources */ = {isa = PBXBuildFile; fileRef = C0240F70255A2BB5006B4D85 /* Main.storyboard */; };
		C0240F74255A2BBC006B4D85 /* Assets.xcassets in Resources */ = {isa = PBXBuildFile; fileRef = C0240F73255A2BBC006B4D85 /* Assets.xcassets */; };
		C0240F77255A2BBC006B4D85 /* LaunchScreen.storyboard in Resources */ = {isa = PBXBuildFile; fileRef = C0240F75255A2BBC006B4D85 /* LaunchScreen.storyboard */; };
		C0240F84255A30CD006B4D85 /* Login.storyboard in Resources */ = {isa = PBXBuildFile; fileRef = C0240F83255A30CD006B4D85 /* Login.storyboard */; };
		C0240F8C255A8ECC006B4D85 /* ShareViewController.swift in Sources */ = {isa = PBXBuildFile; fileRef = C0240F8B255A8ECC006B4D85 /* ShareViewController.swift */; };
		C0240F91255A9465006B4D85 /* ShareDateTableViewCell.swift in Sources */ = {isa = PBXBuildFile; fileRef = C0240F90255A9465006B4D85 /* ShareDateTableViewCell.swift */; };
		C0240F97255AABFA006B4D85 /* MembersViewController.swift in Sources */ = {isa = PBXBuildFile; fileRef = C0240F96255AABF9006B4D85 /* MembersViewController.swift */; };
		C077EAC52587C479004F5367 /* GoogleService-Info.plist in Resources */ = {isa = PBXBuildFile; fileRef = C077EAC42587C479004F5367 /* GoogleService-Info.plist */; };
/* End PBXBuildFile section */

/* Begin PBXFileReference section */
		C0240F67255A2BB5006B4D85 /* Anco.app */ = {isa = PBXFileReference; explicitFileType = wrapper.application; includeInIndex = 0; path = Anco.app; sourceTree = BUILT_PRODUCTS_DIR; };
		C0240F6A255A2BB5006B4D85 /* AppDelegate.swift */ = {isa = PBXFileReference; lastKnownFileType = sourcecode.swift; path = AppDelegate.swift; sourceTree = "<group>"; };
		C0240F6C255A2BB5006B4D85 /* SceneDelegate.swift */ = {isa = PBXFileReference; lastKnownFileType = sourcecode.swift; path = SceneDelegate.swift; sourceTree = "<group>"; };
		C0240F6E255A2BB5006B4D85 /* AddViewController.swift */ = {isa = PBXFileReference; lastKnownFileType = sourcecode.swift; path = AddViewController.swift; sourceTree = "<group>"; };
		C0240F71255A2BB5006B4D85 /* Base */ = {isa = PBXFileReference; lastKnownFileType = file.storyboard; name = Base; path = Base.lproj/Main.storyboard; sourceTree = "<group>"; };
		C0240F73255A2BBC006B4D85 /* Assets.xcassets */ = {isa = PBXFileReference; lastKnownFileType = folder.assetcatalog; path = Assets.xcassets; sourceTree = "<group>"; };
		C0240F76255A2BBC006B4D85 /* Base */ = {isa = PBXFileReference; lastKnownFileType = file.storyboard; name = Base; path = Base.lproj/LaunchScreen.storyboard; sourceTree = "<group>"; };
		C0240F78255A2BBC006B4D85 /* Info.plist */ = {isa = PBXFileReference; lastKnownFileType = text.plist.xml; path = Info.plist; sourceTree = "<group>"; };
		C0240F83255A30CD006B4D85 /* Login.storyboard */ = {isa = PBXFileReference; lastKnownFileType = file.storyboard; path = Login.storyboard; sourceTree = "<group>"; };
		C0240F8B255A8ECC006B4D85 /* ShareViewController.swift */ = {isa = PBXFileReference; lastKnownFileType = sourcecode.swift; path = ShareViewController.swift; sourceTree = "<group>"; };
		C0240F90255A9465006B4D85 /* ShareDateTableViewCell.swift */ = {isa = PBXFileReference; lastKnownFileType = sourcecode.swift; path = ShareDateTableViewCell.swift; sourceTree = "<group>"; };
		C0240F96255AABF9006B4D85 /* MembersViewController.swift */ = {isa = PBXFileReference; lastKnownFileType = sourcecode.swift; path = MembersViewController.swift; sourceTree = "<group>"; };
		C077EAC42587C479004F5367 /* GoogleService-Info.plist */ = {isa = PBXFileReference; fileEncoding = 4; lastKnownFileType = text.plist.xml; path = "GoogleService-Info.plist"; sourceTree = "<group>"; };
/* End PBXFileReference section */

/* Begin PBXFrameworksBuildPhase section */
		C0240F64255A2BB4006B4D85 /* Frameworks */ = {
			isa = PBXFrameworksBuildPhase;
			buildActionMask = 2147483647;
			files = (
			);
			runOnlyForDeploymentPostprocessing = 0;
		};
/* End PBXFrameworksBuildPhase section */

/* Begin PBXGroup section */
		C0240F5E255A2BB4006B4D85 = {
			isa = PBXGroup;
			children = (
				C0240F69255A2BB5006B4D85 /* Anco */,
				C0240F68255A2BB5006B4D85 /* Products */,
			);
			sourceTree = "<group>";
		};
		C0240F68255A2BB5006B4D85 /* Products */ = {
			isa = PBXGroup;
			children = (
				C0240F67255A2BB5006B4D85 /* Anco.app */,
			);
			name = Products;
			sourceTree = "<group>";
		};
		C0240F69255A2BB5006B4D85 /* Anco */ = {
			isa = PBXGroup;
			children = (
				C0240F8F255A938E006B4D85 /* Cells */,
				C0240F88255A8016006B4D85 /* Delegates */,
				C0240F82255A303A006B4D85 /* Controllers */,
				C0240F81255A302B006B4D85 /* Storyboards */,
				C0240F73255A2BBC006B4D85 /* Assets.xcassets */,
				C0240F78255A2BBC006B4D85 /* Info.plist */,
				C077EAC42587C479004F5367 /* GoogleService-Info.plist */,
			);
			path = Anco;
			sourceTree = "<group>";
		};
		C0240F81255A302B006B4D85 /* Storyboards */ = {
			isa = PBXGroup;
			children = (
				C0240F70255A2BB5006B4D85 /* Main.storyboard */,
				C0240F83255A30CD006B4D85 /* Login.storyboard */,
				C0240F75255A2BBC006B4D85 /* LaunchScreen.storyboard */,
			);
			path = Storyboards;
			sourceTree = "<group>";
		};
		C0240F82255A303A006B4D85 /* Controllers */ = {
			isa = PBXGroup;
			children = (
				C0240F6E255A2BB5006B4D85 /* AddViewController.swift */,
				C0240F8B255A8ECC006B4D85 /* ShareViewController.swift */,
				C0240F96255AABF9006B4D85 /* MembersViewController.swift */,
			);
			path = Controllers;
			sourceTree = "<group>";
		};
		C0240F88255A8016006B4D85 /* Delegates */ = {
			isa = PBXGroup;
			children = (
				C0240F6A255A2BB5006B4D85 /* AppDelegate.swift */,
				C0240F6C255A2BB5006B4D85 /* SceneDelegate.swift */,
			);
			path = Delegates;
			sourceTree = "<group>";
		};
		C0240F8F255A938E006B4D85 /* Cells */ = {
			isa = PBXGroup;
			children = (
				C0240F90255A9465006B4D85 /* ShareDateTableViewCell.swift */,
			);
			path = Cells;
			sourceTree = "<group>";
		};
/* End PBXGroup section */

/* Begin PBXNativeTarget section */
		C0240F66255A2BB4006B4D85 /* Anco */ = {
			isa = PBXNativeTarget;
			buildConfigurationList = C0240F7B255A2BBC006B4D85 /* Build configuration list for PBXNativeTarget "Anco" */;
			buildPhases = (
				C0240F63255A2BB4006B4D85 /* Sources */,
				C0240F64255A2BB4006B4D85 /* Frameworks */,
				C0240F65255A2BB4006B4D85 /* Resources */,
			);
			buildRules = (
			);
			dependencies = (
			);
			name = Anco;
			productName = Anco;
			productReference = C0240F67255A2BB5006B4D85 /* Anco.app */;
			productType = "com.apple.product-type.application";
		};
/* End PBXNativeTarget section */

/* Begin PBXProject section */
		C0240F5F255A2BB4006B4D85 /* Project object */ = {
			isa = PBXProject;
			attributes = {
				LastSwiftUpdateCheck = 1200;
				LastUpgradeCheck = 1200;
				TargetAttributes = {
					C0240F66255A2BB4006B4D85 = {
						CreatedOnToolsVersion = 12.0.1;
					};
				};
			};
			buildConfigurationList = C0240F62255A2BB4006B4D85 /* Build configuration list for PBXProject "Anco" */;
			compatibilityVersion = "Xcode 9.3";
			developmentRegion = en;
			hasScannedForEncodings = 0;
			knownRegions = (
				en,
				Base,
			);
			mainGroup = C0240F5E255A2BB4006B4D85;
			productRefGroup = C0240F68255A2BB5006B4D85 /* Products */;
			projectDirPath = "";
			projectRoot = "";
			targets = (
				C0240F66255A2BB4006B4D85 /* Anco */,
			);
		};
/* End PBXProject section */

/* Begin PBXResourcesBuildPhase section */
		C0240F65255A2BB4006B4D85 /* Resources */ = {
			isa = PBXResourcesBuildPhase;
			buildActionMask = 2147483647;
			files = (
				C0240F77255A2BBC006B4D85 /* LaunchScreen.storyboard in Resources */,
				C0240F74255A2BBC006B4D85 /* Assets.xcassets in Resources */,
				C077EAC52587C479004F5367 /* GoogleService-Info.plist in Resources */,
				C0240F72255A2BB5006B4D85 /* Main.storyboard in Resources */,
				C0240F84255A30CD006B4D85 /* Login.storyboard in Resources */,
			);
			runOnlyForDeploymentPostprocessing = 0;
		};
/* End PBXResourcesBuildPhase section */

/* Begin PBXSourcesBuildPhase section */
		C0240F63255A2BB4006B4D85 /* Sources */ = {
			isa = PBXSourcesBuildPhase;
			buildActionMask = 2147483647;
			files = (
				C0240F8C255A8ECC006B4D85 /* ShareViewController.swift in Sources */,
				C0240F6F255A2BB5006B4D85 /* AddViewController.swift in Sources */,
				C0240F6B255A2BB5006B4D85 /* AppDelegate.swift in Sources */,
				C0240F6D255A2BB5006B4D85 /* SceneDelegate.swift in Sources */,
				C0240F97255AABFA006B4D85 /* MembersViewController.swift in Sources */,
				C0240F91255A9465006B4D85 /* ShareDateTableViewCell.swift in Sources */,
			);
			runOnlyForDeploymentPostprocessing = 0;
		};
/* End PBXSourcesBuildPhase section */

/* Begin PBXVariantGroup section */
		C0240F70255A2BB5006B4D85 /* Main.storyboard */ = {
			isa = PBXVariantGroup;
			children = (
				C0240F71255A2BB5006B4D85 /* Base */,
			);
			name = Main.storyboard;
			sourceTree = "<group>";
		};
		C0240F75255A2BBC006B4D85 /* LaunchScreen.storyboard */ = {
			isa = PBXVariantGroup;
			children = (
				C0240F76255A2BBC006B4D85 /* Base */,
			);
			name = LaunchScreen.storyboard;
			sourceTree = "<group>";
		};
/* End PBXVariantGroup section */

/* Begin XCBuildConfiguration section */
		C0240F79255A2BBC006B4D85 /* Debug */ = {
			isa = XCBuildConfiguration;
			buildSettings = {
				ALWAYS_SEARCH_USER_PATHS = NO;
				CLANG_ANALYZER_NONNULL = YES;
				CLANG_ANALYZER_NUMBER_OBJECT_CONVERSION = YES_AGGRESSIVE;
				CLANG_CXX_LANGUAGE_STANDARD = "gnu++14";
				CLANG_CXX_LIBRARY = "libc++";
				CLANG_ENABLE_MODULES = YES;
				CLANG_ENABLE_OBJC_ARC = YES;
				CLANG_ENABLE_OBJC_WEAK = YES;
				CLANG_WARN_BLOCK_CAPTURE_AUTORELEASING = YES;
				CLANG_WARN_BOOL_CONVERSION = YES;
				CLANG_WARN_COMMA = YES;
				CLANG_WARN_CONSTANT_CONVERSION = YES;
				CLANG_WARN_DEPRECATED_OBJC_IMPLEMENTATIONS = YES;
				CLANG_WARN_DIRECT_OBJC_ISA_USAGE = YES_ERROR;
				CLANG_WARN_DOCUMENTATION_COMMENTS = YES;
				CLANG_WARN_EMPTY_BODY = YES;
				CLANG_WARN_ENUM_CONVERSION = YES;
				CLANG_WARN_INFINITE_RECURSION = YES;
				CLANG_WARN_INT_CONVERSION = YES;
				CLANG_WARN_NON_LITERAL_NULL_CONVERSION = YES;
				CLANG_WARN_OBJC_IMPLICIT_RETAIN_SELF = YES;
				CLANG_WARN_OBJC_LITERAL_CONVERSION = YES;
				CLANG_WARN_OBJC_ROOT_CLASS = YES_ERROR;
				CLANG_WARN_QUOTED_INCLUDE_IN_FRAMEWORK_HEADER = YES;
				CLANG_WARN_RANGE_LOOP_ANALYSIS = YES;
				CLANG_WARN_STRICT_PROTOTYPES = YES;
				CLANG_WARN_SUSPICIOUS_MOVE = YES;
				CLANG_WARN_UNGUARDED_AVAILABILITY = YES_AGGRESSIVE;
				CLANG_WARN_UNREACHABLE_CODE = YES;
				CLANG_WARN__DUPLICATE_METHOD_MATCH = YES;
				COPY_PHASE_STRIP = NO;
				DEBUG_INFORMATION_FORMAT = dwarf;
				ENABLE_STRICT_OBJC_MSGSEND = YES;
				ENABLE_TESTABILITY = YES;
				GCC_C_LANGUAGE_STANDARD = gnu11;
				GCC_DYNAMIC_NO_PIC = NO;
				GCC_NO_COMMON_BLOCKS = YES;
				GCC_OPTIMIZATION_LEVEL = 0;
				GCC_PREPROCESSOR_DEFINITIONS = (
					"DEBUG=1",
					"$(inherited)",
				);
				GCC_WARN_64_TO_32_BIT_CONVERSION = YES;
				GCC_WARN_ABOUT_RETURN_TYPE = YES_ERROR;
				GCC_WARN_UNDECLARED_SELECTOR = YES;
				GCC_WARN_UNINITIALIZED_AUTOS = YES_AGGRESSIVE;
				GCC_WARN_UNUSED_FUNCTION = YES;
				GCC_WARN_UNUSED_VARIABLE = YES;
				IPHONEOS_DEPLOYMENT_TARGET = 14.0;
				MTL_ENABLE_DEBUG_INFO = INCLUDE_SOURCE;
				MTL_FAST_MATH = YES;
				ONLY_ACTIVE_ARCH = YES;
				SDKROOT = iphoneos;
				SWIFT_ACTIVE_COMPILATION_CONDITIONS = DEBUG;
				SWIFT_OPTIMIZATION_LEVEL = "-Onone";
			};
			name = Debug;
		};
		C0240F7A255A2BBC006B4D85 /* Release */ = {
			isa = XCBuildConfiguration;
			buildSettings = {
				ALWAYS_SEARCH_USER_PATHS = NO;
				CLANG_ANALYZER_NONNULL = YES;
				CLANG_ANALYZER_NUMBER_OBJECT_CONVERSION = YES_AGGRESSIVE;
				CLANG_CXX_LANGUAGE_STANDARD = "gnu++14";
				CLANG_CXX_LIBRARY = "libc++";
				CLANG_ENABLE_MODULES = YES;
				CLANG_ENABLE_OBJC_ARC = YES;
				CLANG_ENABLE_OBJC_WEAK = YES;
				CLANG_WARN_BLOCK_CAPTURE_AUTORELEASING = YES;
				CLANG_WARN_BOOL_CONVERSION = YES;
				CLANG_WARN_COMMA = YES;
				CLANG_WARN_CONSTANT_CONVERSION = YES;
				CLANG_WARN_DEPRECATED_OBJC_IMPLEMENTATIONS = YES;
				CLANG_WARN_DIRECT_OBJC_ISA_USAGE = YES_ERROR;
				CLANG_WARN_DOCUMENTATION_COMMENTS = YES;
				CLANG_WARN_EMPTY_BODY = YES;
				CLANG_WARN_ENUM_CONVERSION = YES;
				CLANG_WARN_INFINITE_RECURSION = YES;
				CLANG_WARN_INT_CONVERSION = YES;
				CLANG_WARN_NON_LITERAL_NULL_CONVERSION = YES;
				CLANG_WARN_OBJC_IMPLICIT_RETAIN_SELF = YES;
				CLANG_WARN_OBJC_LITERAL_CONVERSION = YES;
				CLANG_WARN_OBJC_ROOT_CLASS = YES_ERROR;
				CLANG_WARN_QUOTED_INCLUDE_IN_FRAMEWORK_HEADER = YES;
				CLANG_WARN_RANGE_LOOP_ANALYSIS = YES;
				CLANG_WARN_STRICT_PROTOTYPES = YES;
				CLANG_WARN_SUSPICIOUS_MOVE = YES;
				CLANG_WARN_UNGUARDED_AVAILABILITY = YES_AGGRESSIVE;
				CLANG_WARN_UNREACHABLE_CODE = YES;
				CLANG_WARN__DUPLICATE_METHOD_MATCH = YES;
				COPY_PHASE_STRIP = NO;
				DEBUG_INFORMATION_FORMAT = "dwarf-with-dsym";
				ENABLE_NS_ASSERTIONS = NO;
				ENABLE_STRICT_OBJC_MSGSEND = YES;
				GCC_C_LANGUAGE_STANDARD = gnu11;
				GCC_NO_COMMON_BLOCKS = YES;
				GCC_WARN_64_TO_32_BIT_CONVERSION = YES;
				GCC_WARN_ABOUT_RETURN_TYPE = YES_ERROR;
				GCC_WARN_UNDECLARED_SELECTOR = YES;
				GCC_WARN_UNINITIALIZED_AUTOS = YES_AGGRESSIVE;
				GCC_WARN_UNUSED_FUNCTION = YES;
				GCC_WARN_UNUSED_VARIABLE = YES;
				IPHONEOS_DEPLOYMENT_TARGET = 14.0;
				MTL_ENABLE_DEBUG_INFO = NO;
				MTL_FAST_MATH = YES;
				SDKROOT = iphoneos;
				SWIFT_COMPILATION_MODE = wholemodule;
				SWIFT_OPTIMIZATION_LEVEL = "-O";
				VALIDATE_PRODUCT = YES;
			};
			name = Release;
		};
		C0240F7C255A2BBC006B4D85 /* Debug */ = {
			isa = XCBuildConfiguration;
			buildSettings = {
				ASSETCATALOG_COMPILER_APPICON_NAME = AppIcon;
				ASSETCATALOG_COMPILER_GLOBAL_ACCENT_COLOR_NAME = AccentColor;
				CODE_SIGN_STYLE = Automatic;
				DEVELOPMENT_TEAM = HR7PYGPB86;
				INFOPLIST_FILE = Anco/Info.plist;
				IPHONEOS_DEPLOYMENT_TARGET = 13.0;
				LD_RUNPATH_SEARCH_PATHS = (
					"$(inherited)",
					"@executable_path/Frameworks",
				);
				PRODUCT_BUNDLE_IDENTIFIER = com.example.obashun22.Anco;
				PRODUCT_NAME = "$(TARGET_NAME)";
				SWIFT_VERSION = 5.0;
				TARGETED_DEVICE_FAMILY = "1,2";
			};
			name = Debug;
		};
		C0240F7D255A2BBC006B4D85 /* Release */ = {
			isa = XCBuildConfiguration;
			buildSettings = {
				ASSETCATALOG_COMPILER_APPICON_NAME = AppIcon;
				ASSETCATALOG_COMPILER_GLOBAL_ACCENT_COLOR_NAME = AccentColor;
				CODE_SIGN_STYLE = Automatic;
				DEVELOPMENT_TEAM = HR7PYGPB86;
				INFOPLIST_FILE = Anco/Info.plist;
				IPHONEOS_DEPLOYMENT_TARGET = 13.0;
				LD_RUNPATH_SEARCH_PATHS = (
					"$(inherited)",
					"@executable_path/Frameworks",
				);
				PRODUCT_BUNDLE_IDENTIFIER = com.example.obashun22.Anco;
				PRODUCT_NAME = "$(TARGET_NAME)";
				SWIFT_VERSION = 5.0;
				TARGETED_DEVICE_FAMILY = "1,2";
			};
			name = Release;
		};
/* End XCBuildConfiguration section */

/* Begin XCConfigurationList section */
		C0240F62255A2BB4006B4D85 /* Build configuration list for PBXProject "Anco" */ = {
			isa = XCConfigurationList;
			buildConfigurations = (
				C0240F79255A2BBC006B4D85 /* Debug */,
				C0240F7A255A2BBC006B4D85 /* Release */,
			);
			defaultConfigurationIsVisible = 0;
			defaultConfigurationName = Release;
		};
		C0240F7B255A2BBC006B4D85 /* Build configuration list for PBXNativeTarget "Anco" */ = {
			isa = XCConfigurationList;
			buildConfigurations = (
				C0240F7C255A2BBC006B4D85 /* Debug */,
				C0240F7D255A2BBC006B4D85 /* Release */,
			);
			defaultConfigurationIsVisible = 0;
			defaultConfigurationName = Release;
		};
/* End XCConfigurationList section */
	};
	rootObject = C0240F5F255A2BB4006B4D85 /* Project object */;
}
